
Microsoft Visual Studio Solution File, Format Version 12.00
# Visual Studio Version 16
VisualStudioVersion = 16.0.31129.286
MinimumVisualStudioVersion = 10.0.40219.1
Project("{9A19103F-16F7-4668-BE54-9A1E7A4F7556}") = "CurrencyApi", "CurrencyApi\CurrencyApi.csproj", "{05B316CC-598A-49EA-B3F3-9806C322AAC2}"
EndProject
Project("{9A19103F-16F7-4668-BE54-9A1E7A4F7556}") = "CurrencyApi.Specs", "CurrencyApi.Specs\CurrencyApi.Specs.csproj", "{BA4AF6E5-F300-49DF-93B2-71696A3F157C}"
EndProject
Global
	GlobalSection(SolutionConfigurationPlatforms) = preSolution
		Debug|Any CPU = Debug|Any CPU
		Release|Any CPU = Release|Any CPU
	EndGlobalSection
	GlobalSection(ProjectConfigurationPlatforms) = postSolution
		{05B316CC-598A-49EA-B3F3-9806C322AAC2}.Debug|Any CPU.ActiveCfg = Debug|Any CPU
		{05B316CC-598A-49EA-B3F3-9806C322AAC2}.Debug|Any CPU.Build.0 = Debug|Any CPU
		{05B316CC-598A-49EA-B3F3-9806C322AAC2}.Release|Any CPU.ActiveCfg = Release|Any CPU
		{05B316CC-598A-49EA-B3F3-9806C322AAC2}.Release|Any CPU.Build.0 = Release|Any CPU
		{BA4AF6E5-F300-49DF-93B2-71696A3F157C}.Debug|Any CPU.ActiveCfg = Debug|Any CPU
		{BA4AF6E5-F300-49DF-93B2-71696A3F157C}.Debug|Any CPU.Build.0 = Debug|Any CPU
		{BA4AF6E5-F300-49DF-93B2-71696A3F157C}.Release|Any CPU.ActiveCfg = Release|Any CPU
		{BA4AF6E5-F300-49DF-93B2-71696A3F157C}.Release|Any CPU.Build.0 = Release|Any CPU
	EndGlobalSection
	GlobalSection(SolutionProperties) = preSolution
		HideSolutionNode = FALSE
	EndGlobalSection
	GlobalSection(ExtensibilityGlobals) = postSolution
		SolutionGuid = {504E4998-771C-41D7-AD7D-A271A094924E}
	EndGlobalSection
EndGlobal
